
Microsoft Visual Studio Solution File, Format Version 12.00
# Visual Studio Version 17
VisualStudioVersion = 17.1.32228.430
MinimumVisualStudioVersion = 10.0.40219.1
Project("{FAE04EC0-301F-11D3-BF4B-00C04F79EFBC}") = "8_Condicionais2", "8_Condicionais2\8_Condicionais2.csproj", "{8B3D5B17-73CA-481B-9DE2-85C0D7DC36D4}"
EndProject
Global
	GlobalSection(SolutionConfigurationPlatforms) = preSolution
		Debug|Any CPU = Debug|Any CPU
		Release|Any CPU = Release|Any CPU
	EndGlobalSection
	GlobalSection(ProjectConfigurationPlatforms) = postSolution
		{8B3D5B17-73CA-481B-9DE2-85C0D7DC36D4}.Debug|Any CPU.ActiveCfg = Debug|Any CPU
		{8B3D5B17-73CA-481B-9DE2-85C0D7DC36D4}.Debug|Any CPU.Build.0 = Debug|Any CPU
		{8B3D5B17-73CA-481B-9DE2-85C0D7DC36D4}.Release|Any CPU.ActiveCfg = Release|Any CPU
		{8B3D5B17-73CA-481B-9DE2-85C0D7DC36D4}.Release|Any CPU.Build.0 = Release|Any CPU
	EndGlobalSection
	GlobalSection(SolutionProperties) = preSolution
		HideSolutionNode = FALSE
	EndGlobalSection
	GlobalSection(ExtensibilityGlobals) = postSolution
		SolutionGuid = {9494E6C3-FA3C-4403-ABA7-59280A871262}
	EndGlobalSection
EndGlobal
